
Microsoft Visual Studio Solution File, Format Version 12.00
# Visual Studio Version 17
VisualStudioVersion = 17.6.33815.320
MinimumVisualStudioVersion = 10.0.40219.1
Project("{FAE04EC0-301F-11D3-BF4B-00C04F79EFBC}") = "Iteracje5", "Iteracje5.csproj", "{762F6703-17EE-4731-9A4F-14604B9EBBB4}"
EndProject
Global
	GlobalSection(SolutionConfigurationPlatforms) = preSolution
		Debug|Any CPU = Debug|Any CPU
		Release|Any CPU = Release|Any CPU
	EndGlobalSection
	GlobalSection(ProjectConfigurationPlatforms) = postSolution
		{762F6703-17EE-4731-9A4F-14604B9EBBB4}.Debug|Any CPU.ActiveCfg = Debug|Any CPU
		{762F6703-17EE-4731-9A4F-14604B9EBBB4}.Debug|Any CPU.Build.0 = Debug|Any CPU
		{762F6703-17EE-4731-9A4F-14604B9EBBB4}.Release|Any CPU.ActiveCfg = Release|Any CPU
		{762F6703-17EE-4731-9A4F-14604B9EBBB4}.Release|Any CPU.Build.0 = Release|Any CPU
	EndGlobalSection
	GlobalSection(SolutionProperties) = preSolution
		HideSolutionNode = FALSE
	EndGlobalSection
	GlobalSection(ExtensibilityGlobals) = postSolution
		SolutionGuid = {A59743CF-B734-4D1D-8CEE-E7F673303575}
	EndGlobalSection
EndGlobal
